
Microsoft Visual Studio Solution File, Format Version 12.00
# Visual Studio Version 16
VisualStudioVersion = 16.0.30804.86
MinimumVisualStudioVersion = 10.0.40219.1
Project("{9A19103F-16F7-4668-BE54-9A1E7A4F7556}") = "ItLinksBot", "ItLinksBot\ItLinksBot.csproj", "{922EBFE6-D3D7-40CC-80E3-7DAB33A998B4}"
EndProject
Project("{9A19103F-16F7-4668-BE54-9A1E7A4F7556}") = "ItLinksBot-UnitTest", "ItLinksBot-Test\ItLinksBot-UnitTest.csproj", "{092F284A-D559-45FF-B0BC-6D3CEE6C7646}"
EndProject
Project("{2150E333-8FDC-42A3-9474-1A3956D46DE8}") = "ExternalItems", "ExternalItems", "{97A244BE-4D77-495E-B063-5EF2F74B02CF}"
	ProjectSection(SolutionItems) = preProject
		..\.dockerignore = ..\.dockerignore
		..\.gitignore = ..\.gitignore
		..\Dockerfile = ..\Dockerfile
		..\LICENSE = ..\LICENSE
	EndProjectSection
EndProject
Project("{2150E333-8FDC-42A3-9474-1A3956D46DE8}") = "Github_Actions", "Github_Actions", "{E848FCA4-DDC7-44CD-9BE2-2039FAE67CFE}"
	ProjectSection(SolutionItems) = preProject
		..\.github\workflows\dotnet.yml = ..\.github\workflows\dotnet.yml
	EndProjectSection
EndProject
Project("{2150E333-8FDC-42A3-9474-1A3956D46DE8}") = "Solution Items", "Solution Items", "{B522177D-DA61-485D-875C-3C7DB6763FA1}"
	ProjectSection(SolutionItems) = preProject
		.runsettings = .runsettings
		.runsettings.default = .runsettings.default
	EndProjectSection
EndProject
Global
	GlobalSection(SolutionConfigurationPlatforms) = preSolution
		Debug|Any CPU = Debug|Any CPU
		Release|Any CPU = Release|Any CPU
	EndGlobalSection
	GlobalSection(ProjectConfigurationPlatforms) = postSolution
		{922EBFE6-D3D7-40CC-80E3-7DAB33A998B4}.Debug|Any CPU.ActiveCfg = Debug|Any CPU
		{922EBFE6-D3D7-40CC-80E3-7DAB33A998B4}.Debug|Any CPU.Build.0 = Debug|Any CPU
		{922EBFE6-D3D7-40CC-80E3-7DAB33A998B4}.Release|Any CPU.ActiveCfg = Release|Any CPU
		{922EBFE6-D3D7-40CC-80E3-7DAB33A998B4}.Release|Any CPU.Build.0 = Release|Any CPU
		{092F284A-D559-45FF-B0BC-6D3CEE6C7646}.Debug|Any CPU.ActiveCfg = Debug|Any CPU
		{092F284A-D559-45FF-B0BC-6D3CEE6C7646}.Debug|Any CPU.Build.0 = Debug|Any CPU
		{092F284A-D559-45FF-B0BC-6D3CEE6C7646}.Release|Any CPU.ActiveCfg = Release|Any CPU
		{092F284A-D559-45FF-B0BC-6D3CEE6C7646}.Release|Any CPU.Build.0 = Release|Any CPU
	EndGlobalSection
	GlobalSection(SolutionProperties) = preSolution
		HideSolutionNode = FALSE
	EndGlobalSection
	GlobalSection(NestedProjects) = preSolution
		{E848FCA4-DDC7-44CD-9BE2-2039FAE67CFE} = {97A244BE-4D77-495E-B063-5EF2F74B02CF}
	EndGlobalSection
	GlobalSection(ExtensibilityGlobals) = postSolution
		SolutionGuid = {915DA986-930F-4B79-963F-B09900392F0F}
	EndGlobalSection
EndGlobal
